{
  "_readme": [
    "This file locks the dependencies of your project to a known state",
    "Read more about it at https://getcomposer.org/doc/01-basic-usage.md#installing-dependencies",
    "This file is @generated automatically"
  ],
  "content-hash": "50b7c5c17ae8a3a78a5d10279e76bc14",
  "packages": [
    {
      "name": "apache/thrift",
      "version": "v0.12.0",
      "source": {
        "type": "git",
        "url": "https://github.com/apache/thrift.git",
        "reference": "384647d290e2e4a55a14b1b7ef1b7e66293a2c33"
      },
      "dist": {
        "type": "zip",
        "url": "https://api.github.com/repos/apache/thrift/zipball/384647d290e2e4a55a14b1b7ef1b7e66293a2c33",
        "reference": "384647d290e2e4a55a14b1b7ef1b7e66293a2c33",
        "shasum": ""
      },
      "require": {
        "php": "^5.5 || ^7.0"
      },
      "require-dev": {
        "phpunit/phpunit": "~4.8.36",
        "squizlabs/php_codesniffer": "3.*"
      },
      "type": "library",
      "extra": {
        "branch-alias": {
          "dev-master": "1.0.x-dev"
        }
      },
      "autoload": {
        "psr-4": {
          "Thrift\\": "lib/php/lib/"
        }
      },
      "notification-url": "https://packagist.org/downloads/",
      "license": [
        "Apache-2.0"
      ],
      "authors": [
        {
          "name": "Apache Thrift Developers",
          "email": "dev@thrift.apache.org",
          "homepage": "http://thrift.apache.org"
        }
      ],
      "description": "Apache Thrift RPC system",
      "homepage": "https://thrift.apache.org/",
      "keywords": [
        "rpc"
      ],
      "time": "2018-12-19T01:24:34+00:00"
    }
  ],
  "packages-dev": [
    {
      "name": "eaglewu/swoole-ide-helper",
      "version": "dev-master",
      "source": {
        "type": "git",
        "url": "https://github.com/wudi/swoole-ide-helper.git",
        "reference": "d03e7e2d8ffd12e054555cae6dda8b2b3683d934"
      },
      "dist": {
        "type": "zip",
        "url": "https://api.github.com/repos/wudi/swoole-ide-helper/zipball/d03e7e2d8ffd12e054555cae6dda8b2b3683d934",
        "reference": "d03e7e2d8ffd12e054555cae6dda8b2b3683d934",
        "shasum": ""
      },
      "type": "library",
      "notification-url": "https://packagist.org/downloads/",
      "license": [
        "MIT"
      ],
      "authors": [
        {
          "name": "eagle",
          "email": "eaglewudi@gmail.com",
          "role": "lead"
        }
      ],
      "description": "Swoole IDE Helper, to improve auto-completion",
      "keywords": [
        "autocomplete",
        "codeintel",
        "helper",
        "ide",
        "netbeans",
        "phpdoc",
        "phpstorm",
        "sublime",
        "swoole"
      ],
      "time": "2019-04-02T09:53:11+00:00"
    }
  ],
  "aliases": [],
  "minimum-stability": "stable",
  "stability-flags": {
    "eaglewu/swoole-ide-helper": 20
  },
  "prefer-stable": false,
  "prefer-lowest": false,
  "platform": [],
  "platform-dev": []
}
